
Microsoft Visual Studio Solution File, Format Version 12.00
# Visual Studio Version 17
VisualStudioVersion = 17.0.31903.59
MinimumVisualStudioVersion = 10.0.40219.1
Project("{2150E333-8FDC-42A3-9474-1A3956D46DE8}") = "Frontends", "Frontends", "{94E1933F-425E-4041-9986-60E636A9E431}"
EndProject
Project("{2150E333-8FDC-42A3-9474-1A3956D46DE8}") = "Gateways", "Gateways", "{CE7D1F80-5E03-4583-ADC0-B068FF7155F5}"
EndProject
Project("{2150E333-8FDC-42A3-9474-1A3956D46DE8}") = "IdentityServer", "IdentityServer", "{2B249AA7-F0C3-4F81-B8D7-5C9A71E987CC}"
EndProject
Project("{2150E333-8FDC-42A3-9474-1A3956D46DE8}") = "Shared", "Shared", "{2BB6B51B-A804-4219-9E27-F4287482DC2E}"
EndProject
Project("{2150E333-8FDC-42A3-9474-1A3956D46DE8}") = "Services", "Services", "{7652DE5C-0BC2-4EBD-9E13-4917FAA04B30}"
EndProject
Project("{2150E333-8FDC-42A3-9474-1A3956D46DE8}") = "SolutionItems", "SolutionItems", "{1876E5FC-E345-48F8-9FDA-3DDF2B4B7904}"
EndProject
Project("{2150E333-8FDC-42A3-9474-1A3956D46DE8}") = "Basket", "Basket", "{BE143E11-BFE7-4FE5-B402-17541F8E660A}"
EndProject
Project("{2150E333-8FDC-42A3-9474-1A3956D46DE8}") = "Catalog", "Catalog", "{F5C1A37E-8726-4373-AF41-EAF582B0454C}"
EndProject
Project("{2150E333-8FDC-42A3-9474-1A3956D46DE8}") = "Cargo", "Cargo", "{7F9983DA-EBD8-4A97-BC80-9674C2110F5D}"
EndProject
Project("{2150E333-8FDC-42A3-9474-1A3956D46DE8}") = "Payment", "Payment", "{3CC5F122-B554-4539-8377-8BB68627608E}"
EndProject
Project("{2150E333-8FDC-42A3-9474-1A3956D46DE8}") = "Order", "Order", "{AFF1D983-05B1-40D4-8896-E1C6F9423CA4}"
EndProject
Project("{2150E333-8FDC-42A3-9474-1A3956D46DE8}") = "PhotoStock", "PhotoStock", "{76DD5A40-5A73-466D-8BB1-0DA0FD4E69F6}"
EndProject
Project("{2150E333-8FDC-42A3-9474-1A3956D46DE8}") = "Discount", "Discount", "{4BB7113F-E008-47BE-AA51-BA2DC52127EE}"
EndProject
Project("{9A19103F-16F7-4668-BE54-9A1E7A4F7556}") = "CasgemMicroservice.Shared", "Shared\CasgemMicroservice.Shared\CasgemMicroservice.Shared.csproj", "{1642D959-72B3-416E-9451-EAEBD0D0D1A8}"
EndProject
Project("{9A19103F-16F7-4668-BE54-9A1E7A4F7556}") = "CasgemMicroservice.Services.Catalog", "Services\Catalog\CasgemMicroservice.Services.Catalog\CasgemMicroservice.Services.Catalog.csproj", "{1EC8DEC1-03C6-4124-9368-ED9C21CAE233}"
EndProject
Project("{9A19103F-16F7-4668-BE54-9A1E7A4F7556}") = "CasgemMicroservice.IdentityServer", "IdentityServer\CasgemMicroservice.IdentityServer\CasgemMicroservice.IdentityServer.csproj", "{EA556E5A-C007-4852-B4D7-E51B629BD337}"
EndProject
Project("{9A19103F-16F7-4668-BE54-9A1E7A4F7556}") = "CasgemMicroservice.PhotoStock", "Services\PhotoStock\CasgemMicroservice.PhotoStock\CasgemMicroservice.PhotoStock.csproj", "{869338E0-1B55-4C34-A108-3B4E1604D7F1}"
EndProject
Project("{9A19103F-16F7-4668-BE54-9A1E7A4F7556}") = "CasgemMicroservice.Services.Basket", "Services\Basket\CasgemMicroservice.Services.Basket\CasgemMicroservice.Services.Basket.csproj", "{D505EC44-0EB6-42C0-81D0-A9E635E52FBB}"
EndProject
Project("{9A19103F-16F7-4668-BE54-9A1E7A4F7556}") = "CasgemMicroservices.Services.Discount", "Services\Discount\CasgemMicroservices.Services.Discount\CasgemMicroservices.Services.Discount.csproj", "{9F8C9FE1-6754-4259-B69B-6B884A4990E3}"
EndProject
Project("{2150E333-8FDC-42A3-9474-1A3956D46DE8}") = "Core", "Core", "{2471D9B8-89CC-448F-981B-3C914970E0EA}"
EndProject
Project("{2150E333-8FDC-42A3-9474-1A3956D46DE8}") = "Infrasturcture", "Infrasturcture", "{2C23DED0-948B-4BCD-9ECE-EC9BD577519D}"
EndProject
Project("{2150E333-8FDC-42A3-9474-1A3956D46DE8}") = "Presentation", "Presentation", "{966A5A6D-B239-417F-B06B-7C51A311EF9D}"
EndProject
Project("{9A19103F-16F7-4668-BE54-9A1E7A4F7556}") = "CasgemMicroservice.Services.Order.Core.Domain", "Services\Order\Core\CasgemMicroservice.Services.Order.Core.Domain\CasgemMicroservice.Services.Order.Core.Domain.csproj", "{B7A4981C-6B58-429B-A820-E7F1281162CF}"
EndProject
Project("{9A19103F-16F7-4668-BE54-9A1E7A4F7556}") = "CasgemMicroservice.Services.Order.Core.Application", "Services\Order\Core\CasgemMicroservice.Services.Order.Core.Application\CasgemMicroservice.Services.Order.Core.Application.csproj", "{6D44191D-8A6F-4F05-877D-104C0D2CC52B}"
EndProject
Project("{9A19103F-16F7-4668-BE54-9A1E7A4F7556}") = "CasgemMicroservice.Services.Order.Infrastructure.Persistance", "Services\Order\Infrastructure\CasgemMicroservice.Services.Order.Infrastructure.Persistance\CasgemMicroservice.Services.Order.Infrastructure.Persistance.csproj", "{3242EAC3-C806-48D5-AC86-BEF660F93C6D}"
EndProject
Project("{9A19103F-16F7-4668-BE54-9A1E7A4F7556}") = "CasgemMicroservice.Services.Order.Presentation.API", "Services\Order\Presentation\CasgemMicroservice.Services.Order.Presentation.API\CasgemMicroservice.Services.Order.Presentation.API.csproj", "{B5757C59-6803-4257-A516-CB1B23F77FEA}"
EndProject
Project("{9A19103F-16F7-4668-BE54-9A1E7A4F7556}") = "CasgemMicroservice.Services.Cargo.BusinessLayer", "Services\Cargo\CasgemMicroservice.Services.Cargo.BusinessLayer\CasgemMicroservice.Services.Cargo.BusinessLayer.csproj", "{8AA1A83B-FD0C-4477-9FE2-97BE4F73C029}"
EndProject
Project("{9A19103F-16F7-4668-BE54-9A1E7A4F7556}") = "CasgemMicroservice.Services.Cargo.DataAccessLayer", "Services\Cargo\CasgemMicroservice.Services.Cargo.DataAccessLayer\CasgemMicroservice.Services.Cargo.DataAccessLayer.csproj", "{7F4BFC05-E716-48BE-B0E8-FA6C496F0934}"
EndProject
Project("{9A19103F-16F7-4668-BE54-9A1E7A4F7556}") = "CasgemMicroservice.Serivces.Cargo.EntityLayer", "Services\Cargo\CasgemMicroservice.Serivces.Cargo.EntityLayer\CasgemMicroservice.Serivces.Cargo.EntityLayer.csproj", "{A689B76E-10C5-45DA-A2CB-17A14522289B}"
EndProject
Project("{9A19103F-16F7-4668-BE54-9A1E7A4F7556}") = "CasgemMicroservice.Services.Cargo.WebAPI", "Services\Cargo\CasgemMicroservice.Services.Cargo.WebAPI\CasgemMicroservice.Services.Cargo.WebAPI.csproj", "{B2D96303-5DE9-41B7-A770-5746702318B1}"
EndProject
Project("{FAE04EC0-301F-11D3-BF4B-00C04F79EFBC}") = "CasgemMicroservice.Services.Payment.WebAPI", "Services\Payment\CasgemMicroservice.Services.Payment.WebAPI\CasgemMicroservice.Services.Payment.WebAPI.csproj", "{A0F229EE-8EBB-4AEA-B27D-C8F0B862C8B2}"
EndProject
Project("{FAE04EC0-301F-11D3-BF4B-00C04F79EFBC}") = "CasgemMicroservice.Gateway", "Gateways\CasgemMicroservice.Gateway\CasgemMicroservice.Gateway.csproj", "{395FC488-6A92-4A3F-B507-6496FDDCD641}"
EndProject
Global
	GlobalSection(SolutionConfigurationPlatforms) = preSolution
		Debug|Any CPU = Debug|Any CPU
		Release|Any CPU = Release|Any CPU
	EndGlobalSection
	GlobalSection(ProjectConfigurationPlatforms) = postSolution
		{1642D959-72B3-416E-9451-EAEBD0D0D1A8}.Debug|Any CPU.ActiveCfg = Debug|Any CPU
		{1642D959-72B3-416E-9451-EAEBD0D0D1A8}.Debug|Any CPU.Build.0 = Debug|Any CPU
		{1642D959-72B3-416E-9451-EAEBD0D0D1A8}.Release|Any CPU.ActiveCfg = Release|Any CPU
		{1642D959-72B3-416E-9451-EAEBD0D0D1A8}.Release|Any CPU.Build.0 = Release|Any CPU
		{1EC8DEC1-03C6-4124-9368-ED9C21CAE233}.Debug|Any CPU.ActiveCfg = Debug|Any CPU
		{1EC8DEC1-03C6-4124-9368-ED9C21CAE233}.Debug|Any CPU.Build.0 = Debug|Any CPU
		{1EC8DEC1-03C6-4124-9368-ED9C21CAE233}.Release|Any CPU.ActiveCfg = Release|Any CPU
		{1EC8DEC1-03C6-4124-9368-ED9C21CAE233}.Release|Any CPU.Build.0 = Release|Any CPU
		{EA556E5A-C007-4852-B4D7-E51B629BD337}.Debug|Any CPU.ActiveCfg = Debug|Any CPU
		{EA556E5A-C007-4852-B4D7-E51B629BD337}.Debug|Any CPU.Build.0 = Debug|Any CPU
		{EA556E5A-C007-4852-B4D7-E51B629BD337}.Release|Any CPU.ActiveCfg = Release|Any CPU
		{EA556E5A-C007-4852-B4D7-E51B629BD337}.Release|Any CPU.Build.0 = Release|Any CPU
		{869338E0-1B55-4C34-A108-3B4E1604D7F1}.Debug|Any CPU.ActiveCfg = Debug|Any CPU
		{869338E0-1B55-4C34-A108-3B4E1604D7F1}.Debug|Any CPU.Build.0 = Debug|Any CPU
		{869338E0-1B55-4C34-A108-3B4E1604D7F1}.Release|Any CPU.ActiveCfg = Release|Any CPU
		{869338E0-1B55-4C34-A108-3B4E1604D7F1}.Release|Any CPU.Build.0 = Release|Any CPU
		{D505EC44-0EB6-42C0-81D0-A9E635E52FBB}.Debug|Any CPU.ActiveCfg = Debug|Any CPU
		{D505EC44-0EB6-42C0-81D0-A9E635E52FBB}.Debug|Any CPU.Build.0 = Debug|Any CPU
		{D505EC44-0EB6-42C0-81D0-A9E635E52FBB}.Release|Any CPU.ActiveCfg = Release|Any CPU
		{D505EC44-0EB6-42C0-81D0-A9E635E52FBB}.Release|Any CPU.Build.0 = Release|Any CPU
		{9F8C9FE1-6754-4259-B69B-6B884A4990E3}.Debug|Any CPU.ActiveCfg = Debug|Any CPU
		{9F8C9FE1-6754-4259-B69B-6B884A4990E3}.Debug|Any CPU.Build.0 = Debug|Any CPU
		{9F8C9FE1-6754-4259-B69B-6B884A4990E3}.Release|Any CPU.ActiveCfg = Release|Any CPU
		{9F8C9FE1-6754-4259-B69B-6B884A4990E3}.Release|Any CPU.Build.0 = Release|Any CPU
		{B7A4981C-6B58-429B-A820-E7F1281162CF}.Debug|Any CPU.ActiveCfg = Debug|Any CPU
		{B7A4981C-6B58-429B-A820-E7F1281162CF}.Debug|Any CPU.Build.0 = Debug|Any CPU
		{B7A4981C-6B58-429B-A820-E7F1281162CF}.Release|Any CPU.ActiveCfg = Release|Any CPU
		{B7A4981C-6B58-429B-A820-E7F1281162CF}.Release|Any CPU.Build.0 = Release|Any CPU
		{6D44191D-8A6F-4F05-877D-104C0D2CC52B}.Debug|Any CPU.ActiveCfg = Debug|Any CPU
		{6D44191D-8A6F-4F05-877D-104C0D2CC52B}.Debug|Any CPU.Build.0 = Debug|Any CPU
		{6D44191D-8A6F-4F05-877D-104C0D2CC52B}.Release|Any CPU.ActiveCfg = Release|Any CPU
		{6D44191D-8A6F-4F05-877D-104C0D2CC52B}.Release|Any CPU.Build.0 = Release|Any CPU
		{3242EAC3-C806-48D5-AC86-BEF660F93C6D}.Debug|Any CPU.ActiveCfg = Debug|Any CPU
		{3242EAC3-C806-48D5-AC86-BEF660F93C6D}.Debug|Any CPU.Build.0 = Debug|Any CPU
		{3242EAC3-C806-48D5-AC86-BEF660F93C6D}.Release|Any CPU.ActiveCfg = Release|Any CPU
		{3242EAC3-C806-48D5-AC86-BEF660F93C6D}.Release|Any CPU.Build.0 = Release|Any CPU
		{B5757C59-6803-4257-A516-CB1B23F77FEA}.Debug|Any CPU.ActiveCfg = Debug|Any CPU
		{B5757C59-6803-4257-A516-CB1B23F77FEA}.Debug|Any CPU.Build.0 = Debug|Any CPU
		{B5757C59-6803-4257-A516-CB1B23F77FEA}.Release|Any CPU.ActiveCfg = Release|Any CPU
		{B5757C59-6803-4257-A516-CB1B23F77FEA}.Release|Any CPU.Build.0 = Release|Any CPU
		{8AA1A83B-FD0C-4477-9FE2-97BE4F73C029}.Debug|Any CPU.ActiveCfg = Debug|Any CPU
		{8AA1A83B-FD0C-4477-9FE2-97BE4F73C029}.Debug|Any CPU.Build.0 = Debug|Any CPU
		{8AA1A83B-FD0C-4477-9FE2-97BE4F73C029}.Release|Any CPU.ActiveCfg = Release|Any CPU
		{8AA1A83B-FD0C-4477-9FE2-97BE4F73C029}.Release|Any CPU.Build.0 = Release|Any CPU
		{7F4BFC05-E716-48BE-B0E8-FA6C496F0934}.Debug|Any CPU.ActiveCfg = Debug|Any CPU
		{7F4BFC05-E716-48BE-B0E8-FA6C496F0934}.Debug|Any CPU.Build.0 = Debug|Any CPU
		{7F4BFC05-E716-48BE-B0E8-FA6C496F0934}.Release|Any CPU.ActiveCfg = Release|Any CPU
		{7F4BFC05-E716-48BE-B0E8-FA6C496F0934}.Release|Any CPU.Build.0 = Release|Any CPU
		{A689B76E-10C5-45DA-A2CB-17A14522289B}.Debug|Any CPU.ActiveCfg = Debug|Any CPU
		{A689B76E-10C5-45DA-A2CB-17A14522289B}.Debug|Any CPU.Build.0 = Debug|Any CPU
		{A689B76E-10C5-45DA-A2CB-17A14522289B}.Release|Any CPU.ActiveCfg = Release|Any CPU
		{A689B76E-10C5-45DA-A2CB-17A14522289B}.Release|Any CPU.Build.0 = Release|Any CPU
		{B2D96303-5DE9-41B7-A770-5746702318B1}.Debug|Any CPU.ActiveCfg = Debug|Any CPU
		{B2D96303-5DE9-41B7-A770-5746702318B1}.Debug|Any CPU.Build.0 = Debug|Any CPU
		{B2D96303-5DE9-41B7-A770-5746702318B1}.Release|Any CPU.ActiveCfg = Release|Any CPU
		{B2D96303-5DE9-41B7-A770-5746702318B1}.Release|Any CPU.Build.0 = Release|Any CPU
		{A0F229EE-8EBB-4AEA-B27D-C8F0B862C8B2}.Debug|Any CPU.ActiveCfg = Debug|Any CPU
		{A0F229EE-8EBB-4AEA-B27D-C8F0B862C8B2}.Debug|Any CPU.Build.0 = Debug|Any CPU
		{A0F229EE-8EBB-4AEA-B27D-C8F0B862C8B2}.Release|Any CPU.ActiveCfg = Release|Any CPU
		{A0F229EE-8EBB-4AEA-B27D-C8F0B862C8B2}.Release|Any CPU.Build.0 = Release|Any CPU
		{395FC488-6A92-4A3F-B507-6496FDDCD641}.Debug|Any CPU.ActiveCfg = Debug|Any CPU
		{395FC488-6A92-4A3F-B507-6496FDDCD641}.Debug|Any CPU.Build.0 = Debug|Any CPU
		{395FC488-6A92-4A3F-B507-6496FDDCD641}.Release|Any CPU.ActiveCfg = Release|Any CPU
		{395FC488-6A92-4A3F-B507-6496FDDCD641}.Release|Any CPU.Build.0 = Release|Any CPU
	EndGlobalSection
	GlobalSection(SolutionProperties) = preSolution
		HideSolutionNode = FALSE
	EndGlobalSection
	GlobalSection(NestedProjects) = preSolution
		{BE143E11-BFE7-4FE5-B402-17541F8E660A} = {7652DE5C-0BC2-4EBD-9E13-4917FAA04B30}
		{F5C1A37E-8726-4373-AF41-EAF582B0454C} = {7652DE5C-0BC2-4EBD-9E13-4917FAA04B30}
		{7F9983DA-EBD8-4A97-BC80-9674C2110F5D} = {7652DE5C-0BC2-4EBD-9E13-4917FAA04B30}
		{3CC5F122-B554-4539-8377-8BB68627608E} = {7652DE5C-0BC2-4EBD-9E13-4917FAA04B30}
		{AFF1D983-05B1-40D4-8896-E1C6F9423CA4} = {7652DE5C-0BC2-4EBD-9E13-4917FAA04B30}
		{76DD5A40-5A73-466D-8BB1-0DA0FD4E69F6} = {7652DE5C-0BC2-4EBD-9E13-4917FAA04B30}
		{4BB7113F-E008-47BE-AA51-BA2DC52127EE} = {7652DE5C-0BC2-4EBD-9E13-4917FAA04B30}
		{1642D959-72B3-416E-9451-EAEBD0D0D1A8} = {2BB6B51B-A804-4219-9E27-F4287482DC2E}
		{1EC8DEC1-03C6-4124-9368-ED9C21CAE233} = {F5C1A37E-8726-4373-AF41-EAF582B0454C}
		{EA556E5A-C007-4852-B4D7-E51B629BD337} = {2B249AA7-F0C3-4F81-B8D7-5C9A71E987CC}
		{869338E0-1B55-4C34-A108-3B4E1604D7F1} = {76DD5A40-5A73-466D-8BB1-0DA0FD4E69F6}
		{D505EC44-0EB6-42C0-81D0-A9E635E52FBB} = {BE143E11-BFE7-4FE5-B402-17541F8E660A}
		{9F8C9FE1-6754-4259-B69B-6B884A4990E3} = {4BB7113F-E008-47BE-AA51-BA2DC52127EE}
		{2471D9B8-89CC-448F-981B-3C914970E0EA} = {AFF1D983-05B1-40D4-8896-E1C6F9423CA4}
		{2C23DED0-948B-4BCD-9ECE-EC9BD577519D} = {AFF1D983-05B1-40D4-8896-E1C6F9423CA4}
		{966A5A6D-B239-417F-B06B-7C51A311EF9D} = {AFF1D983-05B1-40D4-8896-E1C6F9423CA4}
		{B7A4981C-6B58-429B-A820-E7F1281162CF} = {2471D9B8-89CC-448F-981B-3C914970E0EA}
		{6D44191D-8A6F-4F05-877D-104C0D2CC52B} = {2471D9B8-89CC-448F-981B-3C914970E0EA}
		{3242EAC3-C806-48D5-AC86-BEF660F93C6D} = {2C23DED0-948B-4BCD-9ECE-EC9BD577519D}
		{B5757C59-6803-4257-A516-CB1B23F77FEA} = {966A5A6D-B239-417F-B06B-7C51A311EF9D}
		{8AA1A83B-FD0C-4477-9FE2-97BE4F73C029} = {7F9983DA-EBD8-4A97-BC80-9674C2110F5D}
		{7F4BFC05-E716-48BE-B0E8-FA6C496F0934} = {7F9983DA-EBD8-4A97-BC80-9674C2110F5D}
		{A689B76E-10C5-45DA-A2CB-17A14522289B} = {7F9983DA-EBD8-4A97-BC80-9674C2110F5D}
		{B2D96303-5DE9-41B7-A770-5746702318B1} = {7F9983DA-EBD8-4A97-BC80-9674C2110F5D}
		{A0F229EE-8EBB-4AEA-B27D-C8F0B862C8B2} = {3CC5F122-B554-4539-8377-8BB68627608E}
		{395FC488-6A92-4A3F-B507-6496FDDCD641} = {CE7D1F80-5E03-4583-ADC0-B068FF7155F5}
	EndGlobalSection
	GlobalSection(ExtensibilityGlobals) = postSolution
		SolutionGuid = {02D09B00-3115-4E62-962D-2FCE398FECF0}
	EndGlobalSection
EndGlobal
